
Microsoft Visual Studio Solution File, Format Version 12.00
# Visual Studio Version 16
VisualStudioVersion = 16.0.30621.155
MinimumVisualStudioVersion = 10.0.40219.1
Project("{FAE04EC0-301F-11D3-BF4B-00C04F79EFBC}") = "SEDC.CSharpAdvanced.Homework.Classes", "SEDC.CSharpAdvanced.Homework.Classes\SEDC.CSharpAdvanced.Homework.Classes.csproj", "{82CB586F-693D-49A6-B7BD-597ABE1396EF}"
EndProject
Project("{FAE04EC0-301F-11D3-BF4B-00C04F79EFBC}") = "SEDC.CSharpAdvanced.Homework.06", "SEDC.CSharpAdvanced.Homework.06\SEDC.CSharpAdvanced.Homework.06.csproj", "{D51A9ADD-49BE-472C-A5B0-15BD215201BC}"
EndProject
Global
	GlobalSection(SolutionConfigurationPlatforms) = preSolution
		Debug|Any CPU = Debug|Any CPU
		Release|Any CPU = Release|Any CPU
	EndGlobalSection
	GlobalSection(ProjectConfigurationPlatforms) = postSolution
		{82CB586F-693D-49A6-B7BD-597ABE1396EF}.Debug|Any CPU.ActiveCfg = Debug|Any CPU
		{82CB586F-693D-49A6-B7BD-597ABE1396EF}.Debug|Any CPU.Build.0 = Debug|Any CPU
		{82CB586F-693D-49A6-B7BD-597ABE1396EF}.Release|Any CPU.ActiveCfg = Release|Any CPU
		{82CB586F-693D-49A6-B7BD-597ABE1396EF}.Release|Any CPU.Build.0 = Release|Any CPU
		{D51A9ADD-49BE-472C-A5B0-15BD215201BC}.Debug|Any CPU.ActiveCfg = Debug|Any CPU
		{D51A9ADD-49BE-472C-A5B0-15BD215201BC}.Debug|Any CPU.Build.0 = Debug|Any CPU
		{D51A9ADD-49BE-472C-A5B0-15BD215201BC}.Release|Any CPU.ActiveCfg = Release|Any CPU
		{D51A9ADD-49BE-472C-A5B0-15BD215201BC}.Release|Any CPU.Build.0 = Release|Any CPU
	EndGlobalSection
	GlobalSection(SolutionProperties) = preSolution
		HideSolutionNode = FALSE
	EndGlobalSection
	GlobalSection(ExtensibilityGlobals) = postSolution
		SolutionGuid = {510C68BB-6AC0-48BE-BD77-9160F26CEBAF}
	EndGlobalSection
EndGlobal
