
Microsoft Visual Studio Solution File, Format Version 12.00
# Visual Studio Version 16
VisualStudioVersion = 16.0.31205.134
MinimumVisualStudioVersion = 10.0.40219.1
Project("{FAE04EC0-301F-11D3-BF4B-00C04F79EFBC}") = "SEDC.CSHarpAdvancedHomework.04", "SEDC.CSHarpAdvancedHomework.04\SEDC.CSHarpAdvancedHomework.04.csproj", "{532A7416-2FB0-41F7-B5C7-30F054A08F94}"
EndProject
Global
	GlobalSection(SolutionConfigurationPlatforms) = preSolution
		Debug|Any CPU = Debug|Any CPU
		Release|Any CPU = Release|Any CPU
	EndGlobalSection
	GlobalSection(ProjectConfigurationPlatforms) = postSolution
		{532A7416-2FB0-41F7-B5C7-30F054A08F94}.Debug|Any CPU.ActiveCfg = Debug|Any CPU
		{532A7416-2FB0-41F7-B5C7-30F054A08F94}.Debug|Any CPU.Build.0 = Debug|Any CPU
		{532A7416-2FB0-41F7-B5C7-30F054A08F94}.Release|Any CPU.ActiveCfg = Release|Any CPU
		{532A7416-2FB0-41F7-B5C7-30F054A08F94}.Release|Any CPU.Build.0 = Release|Any CPU
	EndGlobalSection
	GlobalSection(SolutionProperties) = preSolution
		HideSolutionNode = FALSE
	EndGlobalSection
	GlobalSection(ExtensibilityGlobals) = postSolution
		SolutionGuid = {47723135-31FC-4924-A07C-7A7274F82151}
	EndGlobalSection
EndGlobal
